
Microsoft Visual Studio Solution File, Format Version 12.00
# Visual Studio 2012
Project("{FAE04EC0-301F-11D3-BF4B-00C04F79EFBC}") = "NoSqlGlasgow", "NoSqlGlasgow\NoSqlGlasgow.csproj", "{9930CAB6-37A4-4C94-8CE7-52197530938D}"
EndProject
Global
	GlobalSection(SolutionConfigurationPlatforms) = preSolution
		Debug|Any CPU = Debug|Any CPU
		Release|Any CPU = Release|Any CPU
	EndGlobalSection
	GlobalSection(ProjectConfigurationPlatforms) = postSolution
		{9930CAB6-37A4-4C94-8CE7-52197530938D}.Debug|Any CPU.ActiveCfg = Debug|Any CPU
		{9930CAB6-37A4-4C94-8CE7-52197530938D}.Debug|Any CPU.Build.0 = Debug|Any CPU
		{9930CAB6-37A4-4C94-8CE7-52197530938D}.Release|Any CPU.ActiveCfg = Release|Any CPU
		{9930CAB6-37A4-4C94-8CE7-52197530938D}.Release|Any CPU.Build.0 = Release|Any CPU
	EndGlobalSection
	GlobalSection(SolutionProperties) = preSolution
		HideSolutionNode = FALSE
	EndGlobalSection
EndGlobal
